
Microsoft Visual Studio Solution File, Format Version 12.00
# Visual Studio Version 16
VisualStudioVersion = 16.0.30204.135
MinimumVisualStudioVersion = 10.0.40219.1
Project("{8BC9CEB8-8B4A-11D0-8D11-00A0C91BC942}") = "220216", "220216\220216.vcxproj", "{218C93C0-107A-4FB6-AFFE-300E56F1C587}"
EndProject
Project("{8BC9CEB8-8B4A-11D0-8D11-00A0C91BC942}") = "220217", "220217\220217.vcxproj", "{C003769F-594E-4322-A491-0C66F0E271F0}"
EndProject
Project("{8BC9CEB8-8B4A-11D0-8D11-00A0C91BC942}") = "220217Assignments", "220217Assignments\220217Assignments.vcxproj", "{CF04E4C4-16E6-495F-A08C-C4AF7C66E963}"
EndProject
Project("{8BC9CEB8-8B4A-11D0-8D11-00A0C91BC942}") = "220216Assignments", "220216Assignments\220216Assignments.vcxproj", "{5BAF03EC-1981-4CA2-850D-82542CE0F18A}"
EndProject
Project("{8BC9CEB8-8B4A-11D0-8D11-00A0C91BC942}") = "220218", "220218\220218.vcxproj", "{1EAFDBCC-1040-4638-90D2-D0F87CBF0F31}"
EndProject
Project("{8BC9CEB8-8B4A-11D0-8D11-00A0C91BC942}") = "220218Assignments", "220218Assignments\220218Assignments.vcxproj", "{948C0E6B-8BE1-4557-897C-559FD0E44E63}"
EndProject
Project("{8BC9CEB8-8B4A-11D0-8D11-00A0C91BC942}") = "220221", "220221\220221.vcxproj", "{B92D00B9-E8BF-4021-91FD-F8223571F54F}"
EndProject
Project("{8BC9CEB8-8B4A-11D0-8D11-00A0C91BC942}") = "Test", "Test\Test.vcxproj", "{E50455CB-BC4F-403C-89A6-2E474FE72F40}"
EndProject
Project("{8BC9CEB8-8B4A-11D0-8D11-00A0C91BC942}") = "220222Assignments", "220222Assignments\220222Assignments.vcxproj", "{C0FC9B23-9981-49A8-82A7-223445335BEB}"
EndProject
Project("{8BC9CEB8-8B4A-11D0-8D11-00A0C91BC942}") = "220221Assignments", "220221Assignments\220221Assignments.vcxproj", "{C8EC4581-2F33-4635-BDCC-C4EDC41CEF5F}"
EndProject
Project("{8BC9CEB8-8B4A-11D0-8D11-00A0C91BC942}") = "220222", "220222\220222.vcxproj", "{D78D7E80-6678-4F15-A784-6D265F182B10}"
EndProject
Project("{8BC9CEB8-8B4A-11D0-8D11-00A0C91BC942}") = "220223", "220223\220223.vcxproj", "{F53C3022-699C-49A8-B244-AF05BCBA9EA9}"
EndProject
Project("{8BC9CEB8-8B4A-11D0-8D11-00A0C91BC942}") = "220223Assignments", "220223Assignments\220223Assignments.vcxproj", "{BD299682-830E-45A4-80F6-6185836CE6E1}"
EndProject
Project("{8BC9CEB8-8B4A-11D0-8D11-00A0C91BC942}") = "220224", "220224\220224.vcxproj", "{8B2EEC06-19F4-4061-9998-5A2FDEFB0362}"
EndProject
Project("{8BC9CEB8-8B4A-11D0-8D11-00A0C91BC942}") = "220224Assignments", "220224Assignments\220224Assignments.vcxproj", "{D66FFA35-50DE-4A1F-AA24-1093A953F206}"
EndProject
Project("{8BC9CEB8-8B4A-11D0-8D11-00A0C91BC942}") = "220225", "220225\220225.vcxproj", "{F908AAD4-AE3C-4A99-A99E-9841AFE3E21F}"
EndProject
Project("{8BC9CEB8-8B4A-11D0-8D11-00A0C91BC942}") = "220225Assignments", "220225Assignments\220225Assignments.vcxproj", "{10925113-90C7-4978-AB3F-59CE9DDC7703}"
EndProject
Project("{8BC9CEB8-8B4A-11D0-8D11-00A0C91BC942}") = "220228", "220228\220228.vcxproj", "{6F75FA13-FF79-4591-8EB8-41AAB1354642}"
EndProject
Project("{8BC9CEB8-8B4A-11D0-8D11-00A0C91BC942}") = "220228Assignments", "220228Assignments\220228Assignments.vcxproj", "{636C690B-5BB6-452E-8084-CFD5F0B86972}"
EndProject
Project("{8BC9CEB8-8B4A-11D0-8D11-00A0C91BC942}") = "220302", "220302\220302.vcxproj", "{993C7D3D-8B92-47D8-9B0A-309DFBED8363}"
EndProject
Project("{8BC9CEB8-8B4A-11D0-8D11-00A0C91BC942}") = "220302Assignments", "220302Assignments\220302Assignments.vcxproj", "{68A2F79A-F801-451E-A729-83AB7D642FAE}"
EndProject
Project("{8BC9CEB8-8B4A-11D0-8D11-00A0C91BC942}") = "220303", "220303\220303.vcxproj", "{2D187CF6-0F12-403F-96E6-97E117975CAA}"
EndProject
Project("{8BC9CEB8-8B4A-11D0-8D11-00A0C91BC942}") = "220303Assignments", "220303Assignments\220303Assignments.vcxproj", "{7A5DA78B-A0A1-4A77-A6E3-C0763702BFD6}"
EndProject
Project("{8BC9CEB8-8B4A-11D0-8D11-00A0C91BC942}") = "220304", "220304\220304.vcxproj", "{5DC79F8B-1EAF-449D-8FEF-E322674F7320}"
EndProject
Project("{8BC9CEB8-8B4A-11D0-8D11-00A0C91BC942}") = "220304Assignments", "220304Assignments\220304Assignments.vcxproj", "{D11AFBE9-9B78-40FA-8002-D51164CFFAED}"
EndProject
Project("{8BC9CEB8-8B4A-11D0-8D11-00A0C91BC942}") = "220307", "220307\220307.vcxproj", "{3F79B78E-27F9-45A5-A0D7-BD139EC5FEB7}"
EndProject
Project("{8BC9CEB8-8B4A-11D0-8D11-00A0C91BC942}") = "220307Assignments", "220307Assignments\220307Assignments.vcxproj", "{316754D2-A520-4933-83A1-26F2AE21CE36}"
EndProject
Project("{8BC9CEB8-8B4A-11D0-8D11-00A0C91BC942}") = "220308", "220308\220308.vcxproj", "{A51D56C8-F91D-47EF-8EC6-3B06A40764BC}"
EndProject
Project("{8BC9CEB8-8B4A-11D0-8D11-00A0C91BC942}") = "220308Assignments", "220308Assignments\220308Assignments.vcxproj", "{CEABD026-D2A3-4E51-9E5F-4240AB67DE6F}"
EndProject
Project("{8BC9CEB8-8B4A-11D0-8D11-00A0C91BC942}") = "220310", "220310\220310.vcxproj", "{A8C90F5A-D9AA-4025-AC42-657B4C3F4E8C}"
EndProject
Project("{8BC9CEB8-8B4A-11D0-8D11-00A0C91BC942}") = "220310Assignments", "220310Assignments\220310Assignments.vcxproj", "{D6929329-66CF-408A-8867-6B405A9C465F}"
EndProject
Project("{8BC9CEB8-8B4A-11D0-8D11-00A0C91BC942}") = "220311", "220311\220311.vcxproj", "{E757B9B1-DAF5-4A18-AB68-F70169FD4CF3}"
EndProject
Project("{8BC9CEB8-8B4A-11D0-8D11-00A0C91BC942}") = "220311Assignments", "220311Assignments\220311Assignments.vcxproj", "{817A0EC1-437F-4D04-BFA4-D1F9B5EA2B1F}"
EndProject
Project("{8BC9CEB8-8B4A-11D0-8D11-00A0C91BC942}") = "220314", "220314\220314.vcxproj", "{D7B3BA62-442F-4219-9A34-DFEC8DD3B89E}"
EndProject
Global
	GlobalSection(SolutionConfigurationPlatforms) = preSolution
		Debug|x64 = Debug|x64
		Debug|x86 = Debug|x86
		Release|x64 = Release|x64
		Release|x86 = Release|x86
	EndGlobalSection
	GlobalSection(ProjectConfigurationPlatforms) = postSolution
		{218C93C0-107A-4FB6-AFFE-300E56F1C587}.Debug|x64.ActiveCfg = Debug|x64
		{218C93C0-107A-4FB6-AFFE-300E56F1C587}.Debug|x64.Build.0 = Debug|x64
		{218C93C0-107A-4FB6-AFFE-300E56F1C587}.Debug|x86.ActiveCfg = Debug|Win32
		{218C93C0-107A-4FB6-AFFE-300E56F1C587}.Debug|x86.Build.0 = Debug|Win32
		{218C93C0-107A-4FB6-AFFE-300E56F1C587}.Release|x64.ActiveCfg = Release|x64
		{218C93C0-107A-4FB6-AFFE-300E56F1C587}.Release|x64.Build.0 = Release|x64
		{218C93C0-107A-4FB6-AFFE-300E56F1C587}.Release|x86.ActiveCfg = Release|Win32
		{218C93C0-107A-4FB6-AFFE-300E56F1C587}.Release|x86.Build.0 = Release|Win32
		{C003769F-594E-4322-A491-0C66F0E271F0}.Debug|x64.ActiveCfg = Debug|x64
		{C003769F-594E-4322-A491-0C66F0E271F0}.Debug|x64.Build.0 = Debug|x64
		{C003769F-594E-4322-A491-0C66F0E271F0}.Debug|x86.ActiveCfg = Debug|Win32
		{C003769F-594E-4322-A491-0C66F0E271F0}.Debug|x86.Build.0 = Debug|Win32
		{C003769F-594E-4322-A491-0C66F0E271F0}.Release|x64.ActiveCfg = Release|x64
		{C003769F-594E-4322-A491-0C66F0E271F0}.Release|x64.Build.0 = Release|x64
		{C003769F-594E-4322-A491-0C66F0E271F0}.Release|x86.ActiveCfg = Release|Win32
		{C003769F-594E-4322-A491-0C66F0E271F0}.Release|x86.Build.0 = Release|Win32
		{CF04E4C4-16E6-495F-A08C-C4AF7C66E963}.Debug|x64.ActiveCfg = Debug|x64
		{CF04E4C4-16E6-495F-A08C-C4AF7C66E963}.Debug|x64.Build.0 = Debug|x64
		{CF04E4C4-16E6-495F-A08C-C4AF7C66E963}.Debug|x86.ActiveCfg = Debug|Win32
		{CF04E4C4-16E6-495F-A08C-C4AF7C66E963}.Debug|x86.Build.0 = Debug|Win32
		{CF04E4C4-16E6-495F-A08C-C4AF7C66E963}.Release|x64.ActiveCfg = Release|x64
		{CF04E4C4-16E6-495F-A08C-C4AF7C66E963}.Release|x64.Build.0 = Release|x64
		{CF04E4C4-16E6-495F-A08C-C4AF7C66E963}.Release|x86.ActiveCfg = Release|Win32
		{CF04E4C4-16E6-495F-A08C-C4AF7C66E963}.Release|x86.Build.0 = Release|Win32
		{5BAF03EC-1981-4CA2-850D-82542CE0F18A}.Debug|x64.ActiveCfg = Debug|x64
		{5BAF03EC-1981-4CA2-850D-82542CE0F18A}.Debug|x64.Build.0 = Debug|x64
		{5BAF03EC-1981-4CA2-850D-82542CE0F18A}.Debug|x86.ActiveCfg = Debug|Win32
		{5BAF03EC-1981-4CA2-850D-82542CE0F18A}.Debug|x86.Build.0 = Debug|Win32
		{5BAF03EC-1981-4CA2-850D-82542CE0F18A}.Release|x64.ActiveCfg = Release|x64
		{5BAF03EC-1981-4CA2-850D-82542CE0F18A}.Release|x64.Build.0 = Release|x64
		{5BAF03EC-1981-4CA2-850D-82542CE0F18A}.Release|x86.ActiveCfg = Release|Win32
		{5BAF03EC-1981-4CA2-850D-82542CE0F18A}.Release|x86.Build.0 = Release|Win32
		{1EAFDBCC-1040-4638-90D2-D0F87CBF0F31}.Debug|x64.ActiveCfg = Debug|x64
		{1EAFDBCC-1040-4638-90D2-D0F87CBF0F31}.Debug|x64.Build.0 = Debug|x64
		{1EAFDBCC-1040-4638-90D2-D0F87CBF0F31}.Debug|x86.ActiveCfg = Debug|Win32
		{1EAFDBCC-1040-4638-90D2-D0F87CBF0F31}.Debug|x86.Build.0 = Debug|Win32
		{1EAFDBCC-1040-4638-90D2-D0F87CBF0F31}.Release|x64.ActiveCfg = Release|x64
		{1EAFDBCC-1040-4638-90D2-D0F87CBF0F31}.Release|x64.Build.0 = Release|x64
		{1EAFDBCC-1040-4638-90D2-D0F87CBF0F31}.Release|x86.ActiveCfg = Release|Win32
		{1EAFDBCC-1040-4638-90D2-D0F87CBF0F31}.Release|x86.Build.0 = Release|Win32
		{948C0E6B-8BE1-4557-897C-559FD0E44E63}.Debug|x64.ActiveCfg = Debug|x64
		{948C0E6B-8BE1-4557-897C-559FD0E44E63}.Debug|x64.Build.0 = Debug|x64
		{948C0E6B-8BE1-4557-897C-559FD0E44E63}.Debug|x86.ActiveCfg = Debug|Win32
		{948C0E6B-8BE1-4557-897C-559FD0E44E63}.Debug|x86.Build.0 = Debug|Win32
		{948C0E6B-8BE1-4557-897C-559FD0E44E63}.Release|x64.ActiveCfg = Release|x64
		{948C0E6B-8BE1-4557-897C-559FD0E44E63}.Release|x64.Build.0 = Release|x64
		{948C0E6B-8BE1-4557-897C-559FD0E44E63}.Release|x86.ActiveCfg = Release|Win32
		{948C0E6B-8BE1-4557-897C-559FD0E44E63}.Release|x86.Build.0 = Release|Win32
		{B92D00B9-E8BF-4021-91FD-F8223571F54F}.Debug|x64.ActiveCfg = Debug|x64
		{B92D00B9-E8BF-4021-91FD-F8223571F54F}.Debug|x64.Build.0 = Debug|x64
		{B92D00B9-E8BF-4021-91FD-F8223571F54F}.Debug|x86.ActiveCfg = Debug|Win32
		{B92D00B9-E8BF-4021-91FD-F8223571F54F}.Debug|x86.Build.0 = Debug|Win32
		{B92D00B9-E8BF-4021-91FD-F8223571F54F}.Release|x64.ActiveCfg = Release|x64
		{B92D00B9-E8BF-4021-91FD-F8223571F54F}.Release|x64.Build.0 = Release|x64
		{B92D00B9-E8BF-4021-91FD-F8223571F54F}.Release|x86.ActiveCfg = Release|Win32
		{B92D00B9-E8BF-4021-91FD-F8223571F54F}.Release|x86.Build.0 = Release|Win32
		{E50455CB-BC4F-403C-89A6-2E474FE72F40}.Debug|x64.ActiveCfg = Debug|x64
		{E50455CB-BC4F-403C-89A6-2E474FE72F40}.Debug|x64.Build.0 = Debug|x64
		{E50455CB-BC4F-403C-89A6-2E474FE72F40}.Debug|x86.ActiveCfg = Debug|Win32
		{E50455CB-BC4F-403C-89A6-2E474FE72F40}.Debug|x86.Build.0 = Debug|Win32
		{E50455CB-BC4F-403C-89A6-2E474FE72F40}.Release|x64.ActiveCfg = Release|x64
		{E50455CB-BC4F-403C-89A6-2E474FE72F40}.Release|x64.Build.0 = Release|x64
		{E50455CB-BC4F-403C-89A6-2E474FE72F40}.Release|x86.ActiveCfg = Release|Win32
		{E50455CB-BC4F-403C-89A6-2E474FE72F40}.Release|x86.Build.0 = Release|Win32
		{C0FC9B23-9981-49A8-82A7-223445335BEB}.Debug|x64.ActiveCfg = Debug|x64
		{C0FC9B23-9981-49A8-82A7-223445335BEB}.Debug|x64.Build.0 = Debug|x64
		{C0FC9B23-9981-49A8-82A7-223445335BEB}.Debug|x86.ActiveCfg = Debug|Win32
		{C0FC9B23-9981-49A8-82A7-223445335BEB}.Debug|x86.Build.0 = Debug|Win32
		{C0FC9B23-9981-49A8-82A7-223445335BEB}.Release|x64.ActiveCfg = Release|x64
		{C0FC9B23-9981-49A8-82A7-223445335BEB}.Release|x64.Build.0 = Release|x64
		{C0FC9B23-9981-49A8-82A7-223445335BEB}.Release|x86.ActiveCfg = Release|Win32
		{C0FC9B23-9981-49A8-82A7-223445335BEB}.Release|x86.Build.0 = Release|Win32
		{C8EC4581-2F33-4635-BDCC-C4EDC41CEF5F}.Debug|x64.ActiveCfg = Debug|x64
		{C8EC4581-2F33-4635-BDCC-C4EDC41CEF5F}.Debug|x64.Build.0 = Debug|x64
		{C8EC4581-2F33-4635-BDCC-C4EDC41CEF5F}.Debug|x86.ActiveCfg = Debug|Win32
		{C8EC4581-2F33-4635-BDCC-C4EDC41CEF5F}.Debug|x86.Build.0 = Debug|Win32
		{C8EC4581-2F33-4635-BDCC-C4EDC41CEF5F}.Release|x64.ActiveCfg = Release|x64
		{C8EC4581-2F33-4635-BDCC-C4EDC41CEF5F}.Release|x64.Build.0 = Release|x64
		{C8EC4581-2F33-4635-BDCC-C4EDC41CEF5F}.Release|x86.ActiveCfg = Release|Win32
		{C8EC4581-2F33-4635-BDCC-C4EDC41CEF5F}.Release|x86.Build.0 = Release|Win32
		{D78D7E80-6678-4F15-A784-6D265F182B10}.Debug|x64.ActiveCfg = Debug|x64
		{D78D7E80-6678-4F15-A784-6D265F182B10}.Debug|x64.Build.0 = Debug|x64
		{D78D7E80-6678-4F15-A784-6D265F182B10}.Debug|x86.ActiveCfg = Debug|Win32
		{D78D7E80-6678-4F15-A784-6D265F182B10}.Debug|x86.Build.0 = Debug|Win32
		{D78D7E80-6678-4F15-A784-6D265F182B10}.Release|x64.ActiveCfg = Release|x64
		{D78D7E80-6678-4F15-A784-6D265F182B10}.Release|x64.Build.0 = Release|x64
		{D78D7E80-6678-4F15-A784-6D265F182B10}.Release|x86.ActiveCfg = Release|Win32
		{D78D7E80-6678-4F15-A784-6D265F182B10}.Release|x86.Build.0 = Release|Win32
		{F53C3022-699C-49A8-B244-AF05BCBA9EA9}.Debug|x64.ActiveCfg = Debug|x64
		{F53C3022-699C-49A8-B244-AF05BCBA9EA9}.Debug|x64.Build.0 = Debug|x64
		{F53C3022-699C-49A8-B244-AF05BCBA9EA9}.Debug|x86.ActiveCfg = Debug|Win32
		{F53C3022-699C-49A8-B244-AF05BCBA9EA9}.Debug|x86.Build.0 = Debug|Win32
		{F53C3022-699C-49A8-B244-AF05BCBA9EA9}.Release|x64.ActiveCfg = Release|x64
		{F53C3022-699C-49A8-B244-AF05BCBA9EA9}.Release|x64.Build.0 = Release|x64
		{F53C3022-699C-49A8-B244-AF05BCBA9EA9}.Release|x86.ActiveCfg = Release|Win32
		{F53C3022-699C-49A8-B244-AF05BCBA9EA9}.Release|x86.Build.0 = Release|Win32
		{BD299682-830E-45A4-80F6-6185836CE6E1}.Debug|x64.ActiveCfg = Debug|x64
		{BD299682-830E-45A4-80F6-6185836CE6E1}.Debug|x64.Build.0 = Debug|x64
		{BD299682-830E-45A4-80F6-6185836CE6E1}.Debug|x86.ActiveCfg = Debug|Win32
		{BD299682-830E-45A4-80F6-6185836CE6E1}.Debug|x86.Build.0 = Debug|Win32
		{BD299682-830E-45A4-80F6-6185836CE6E1}.Release|x64.ActiveCfg = Release|x64
		{BD299682-830E-45A4-80F6-6185836CE6E1}.Release|x64.Build.0 = Release|x64
		{BD299682-830E-45A4-80F6-6185836CE6E1}.Release|x86.ActiveCfg = Release|Win32
		{BD299682-830E-45A4-80F6-6185836CE6E1}.Release|x86.Build.0 = Release|Win32
		{8B2EEC06-19F4-4061-9998-5A2FDEFB0362}.Debug|x64.ActiveCfg = Debug|x64
		{8B2EEC06-19F4-4061-9998-5A2FDEFB0362}.Debug|x64.Build.0 = Debug|x64
		{8B2EEC06-19F4-4061-9998-5A2FDEFB0362}.Debug|x86.ActiveCfg = Debug|Win32
		{8B2EEC06-19F4-4061-9998-5A2FDEFB0362}.Debug|x86.Build.0 = Debug|Win32
		{8B2EEC06-19F4-4061-9998-5A2FDEFB0362}.Release|x64.ActiveCfg = Release|x64
		{8B2EEC06-19F4-4061-9998-5A2FDEFB0362}.Release|x64.Build.0 = Release|x64
		{8B2EEC06-19F4-4061-9998-5A2FDEFB0362}.Release|x86.ActiveCfg = Release|Win32
		{8B2EEC06-19F4-4061-9998-5A2FDEFB0362}.Release|x86.Build.0 = Release|Win32
		{D66FFA35-50DE-4A1F-AA24-1093A953F206}.Debug|x64.ActiveCfg = Debug|x64
		{D66FFA35-50DE-4A1F-AA24-1093A953F206}.Debug|x64.Build.0 = Debug|x64
		{D66FFA35-50DE-4A1F-AA24-1093A953F206}.Debug|x86.ActiveCfg = Debug|Win32
		{D66FFA35-50DE-4A1F-AA24-1093A953F206}.Debug|x86.Build.0 = Debug|Win32
		{D66FFA35-50DE-4A1F-AA24-1093A953F206}.Release|x64.ActiveCfg = Release|x64
		{D66FFA35-50DE-4A1F-AA24-1093A953F206}.Release|x64.Build.0 = Release|x64
		{D66FFA35-50DE-4A1F-AA24-1093A953F206}.Release|x86.ActiveCfg = Release|Win32
		{D66FFA35-50DE-4A1F-AA24-1093A953F206}.Release|x86.Build.0 = Release|Win32
		{F908AAD4-AE3C-4A99-A99E-9841AFE3E21F}.Debug|x64.ActiveCfg = Debug|x64
		{F908AAD4-AE3C-4A99-A99E-9841AFE3E21F}.Debug|x64.Build.0 = Debug|x64
		{F908AAD4-AE3C-4A99-A99E-9841AFE3E21F}.Debug|x86.ActiveCfg = Debug|Win32
		{F908AAD4-AE3C-4A99-A99E-9841AFE3E21F}.Debug|x86.Build.0 = Debug|Win32
		{F908AAD4-AE3C-4A99-A99E-9841AFE3E21F}.Release|x64.ActiveCfg = Release|x64
		{F908AAD4-AE3C-4A99-A99E-9841AFE3E21F}.Release|x64.Build.0 = Release|x64
		{F908AAD4-AE3C-4A99-A99E-9841AFE3E21F}.Release|x86.ActiveCfg = Release|Win32
		{F908AAD4-AE3C-4A99-A99E-9841AFE3E21F}.Release|x86.Build.0 = Release|Win32
		{10925113-90C7-4978-AB3F-59CE9DDC7703}.Debug|x64.ActiveCfg = Debug|x64
		{10925113-90C7-4978-AB3F-59CE9DDC7703}.Debug|x64.Build.0 = Debug|x64
		{10925113-90C7-4978-AB3F-59CE9DDC7703}.Debug|x86.ActiveCfg = Debug|Win32
		{10925113-90C7-4978-AB3F-59CE9DDC7703}.Debug|x86.Build.0 = Debug|Win32
		{10925113-90C7-4978-AB3F-59CE9DDC7703}.Release|x64.ActiveCfg = Release|x64
		{10925113-90C7-4978-AB3F-59CE9DDC7703}.Release|x64.Build.0 = Release|x64
		{10925113-90C7-4978-AB3F-59CE9DDC7703}.Release|x86.ActiveCfg = Release|Win32
		{10925113-90C7-4978-AB3F-59CE9DDC7703}.Release|x86.Build.0 = Release|Win32
		{6F75FA13-FF79-4591-8EB8-41AAB1354642}.Debug|x64.ActiveCfg = Debug|x64
		{6F75FA13-FF79-4591-8EB8-41AAB1354642}.Debug|x64.Build.0 = Debug|x64
		{6F75FA13-FF79-4591-8EB8-41AAB1354642}.Debug|x86.ActiveCfg = Debug|Win32
		{6F75FA13-FF79-4591-8EB8-41AAB1354642}.Debug|x86.Build.0 = Debug|Win32
		{6F75FA13-FF79-4591-8EB8-41AAB1354642}.Release|x64.ActiveCfg = Release|x64
		{6F75FA13-FF79-4591-8EB8-41AAB1354642}.Release|x64.Build.0 = Release|x64
		{6F75FA13-FF79-4591-8EB8-41AAB1354642}.Release|x86.ActiveCfg = Release|Win32
		{6F75FA13-FF79-4591-8EB8-41AAB1354642}.Release|x86.Build.0 = Release|Win32
		{636C690B-5BB6-452E-8084-CFD5F0B86972}.Debug|x64.ActiveCfg = Debug|x64
		{636C690B-5BB6-452E-8084-CFD5F0B86972}.Debug|x64.Build.0 = Debug|x64
		{636C690B-5BB6-452E-8084-CFD5F0B86972}.Debug|x86.ActiveCfg = Debug|Win32
		{636C690B-5BB6-452E-8084-CFD5F0B86972}.Debug|x86.Build.0 = Debug|Win32
		{636C690B-5BB6-452E-8084-CFD5F0B86972}.Release|x64.ActiveCfg = Release|x64
		{636C690B-5BB6-452E-8084-CFD5F0B86972}.Release|x64.Build.0 = Release|x64
		{636C690B-5BB6-452E-8084-CFD5F0B86972}.Release|x86.ActiveCfg = Release|Win32
		{636C690B-5BB6-452E-8084-CFD5F0B86972}.Release|x86.Build.0 = Release|Win32
		{993C7D3D-8B92-47D8-9B0A-309DFBED8363}.Debug|x64.ActiveCfg = Debug|x64
		{993C7D3D-8B92-47D8-9B0A-309DFBED8363}.Debug|x64.Build.0 = Debug|x64
		{993C7D3D-8B92-47D8-9B0A-309DFBED8363}.Debug|x86.ActiveCfg = Debug|Win32
		{993C7D3D-8B92-47D8-9B0A-309DFBED8363}.Debug|x86.Build.0 = Debug|Win32
		{993C7D3D-8B92-47D8-9B0A-309DFBED8363}.Release|x64.ActiveCfg = Release|x64
		{993C7D3D-8B92-47D8-9B0A-309DFBED8363}.Release|x64.Build.0 = Release|x64
		{993C7D3D-8B92-47D8-9B0A-309DFBED8363}.Release|x86.ActiveCfg = Release|Win32
		{993C7D3D-8B92-47D8-9B0A-309DFBED8363}.Release|x86.Build.0 = Release|Win32
		{68A2F79A-F801-451E-A729-83AB7D642FAE}.Debug|x64.ActiveCfg = Debug|x64
		{68A2F79A-F801-451E-A729-83AB7D642FAE}.Debug|x64.Build.0 = Debug|x64
		{68A2F79A-F801-451E-A729-83AB7D642FAE}.Debug|x86.ActiveCfg = Debug|Win32
		{68A2F79A-F801-451E-A729-83AB7D642FAE}.Debug|x86.Build.0 = Debug|Win32
		{68A2F79A-F801-451E-A729-83AB7D642FAE}.Release|x64.ActiveCfg = Release|x64
		{68A2F79A-F801-451E-A729-83AB7D642FAE}.Release|x64.Build.0 = Release|x64
		{68A2F79A-F801-451E-A729-83AB7D642FAE}.Release|x86.ActiveCfg = Release|Win32
		{68A2F79A-F801-451E-A729-83AB7D642FAE}.Release|x86.Build.0 = Release|Win32
		{2D187CF6-0F12-403F-96E6-97E117975CAA}.Debug|x64.ActiveCfg = Debug|x64
		{2D187CF6-0F12-403F-96E6-97E117975CAA}.Debug|x64.Build.0 = Debug|x64
		{2D187CF6-0F12-403F-96E6-97E117975CAA}.Debug|x86.ActiveCfg = Debug|Win32
		{2D187CF6-0F12-403F-96E6-97E117975CAA}.Debug|x86.Build.0 = Debug|Win32
		{2D187CF6-0F12-403F-96E6-97E117975CAA}.Release|x64.ActiveCfg = Release|x64
		{2D187CF6-0F12-403F-96E6-97E117975CAA}.Release|x64.Build.0 = Release|x64
		{2D187CF6-0F12-403F-96E6-97E117975CAA}.Release|x86.ActiveCfg = Release|Win32
		{2D187CF6-0F12-403F-96E6-97E117975CAA}.Release|x86.Build.0 = Release|Win32
		{7A5DA78B-A0A1-4A77-A6E3-C0763702BFD6}.Debug|x64.ActiveCfg = Debug|x64
		{7A5DA78B-A0A1-4A77-A6E3-C0763702BFD6}.Debug|x64.Build.0 = Debug|x64
		{7A5DA78B-A0A1-4A77-A6E3-C0763702BFD6}.Debug|x86.ActiveCfg = Debug|Win32
		{7A5DA78B-A0A1-4A77-A6E3-C0763702BFD6}.Debug|x86.Build.0 = Debug|Win32
		{7A5DA78B-A0A1-4A77-A6E3-C0763702BFD6}.Release|x64.ActiveCfg = Release|x64
		{7A5DA78B-A0A1-4A77-A6E3-C0763702BFD6}.Release|x64.Build.0 = Release|x64
		{7A5DA78B-A0A1-4A77-A6E3-C0763702BFD6}.Release|x86.ActiveCfg = Release|Win32
		{7A5DA78B-A0A1-4A77-A6E3-C0763702BFD6}.Release|x86.Build.0 = Release|Win32
		{5DC79F8B-1EAF-449D-8FEF-E322674F7320}.Debug|x64.ActiveCfg = Debug|x64
		{5DC79F8B-1EAF-449D-8FEF-E322674F7320}.Debug|x64.Build.0 = Debug|x64
		{5DC79F8B-1EAF-449D-8FEF-E322674F7320}.Debug|x86.ActiveCfg = Debug|Win32
		{5DC79F8B-1EAF-449D-8FEF-E322674F7320}.Debug|x86.Build.0 = Debug|Win32
		{5DC79F8B-1EAF-449D-8FEF-E322674F7320}.Release|x64.ActiveCfg = Release|x64
		{5DC79F8B-1EAF-449D-8FEF-E322674F7320}.Release|x64.Build.0 = Release|x64
		{5DC79F8B-1EAF-449D-8FEF-E322674F7320}.Release|x86.ActiveCfg = Release|Win32
		{5DC79F8B-1EAF-449D-8FEF-E322674F7320}.Release|x86.Build.0 = Release|Win32
		{D11AFBE9-9B78-40FA-8002-D51164CFFAED}.Debug|x64.ActiveCfg = Debug|x64
		{D11AFBE9-9B78-40FA-8002-D51164CFFAED}.Debug|x64.Build.0 = Debug|x64
		{D11AFBE9-9B78-40FA-8002-D51164CFFAED}.Debug|x86.ActiveCfg = Debug|Win32
		{D11AFBE9-9B78-40FA-8002-D51164CFFAED}.Debug|x86.Build.0 = Debug|Win32
		{D11AFBE9-9B78-40FA-8002-D51164CFFAED}.Release|x64.ActiveCfg = Release|x64
		{D11AFBE9-9B78-40FA-8002-D51164CFFAED}.Release|x64.Build.0 = Release|x64
		{D11AFBE9-9B78-40FA-8002-D51164CFFAED}.Release|x86.ActiveCfg = Release|Win32
		{D11AFBE9-9B78-40FA-8002-D51164CFFAED}.Release|x86.Build.0 = Release|Win32
		{3F79B78E-27F9-45A5-A0D7-BD139EC5FEB7}.Debug|x64.ActiveCfg = Debug|x64
		{3F79B78E-27F9-45A5-A0D7-BD139EC5FEB7}.Debug|x64.Build.0 = Debug|x64
		{3F79B78E-27F9-45A5-A0D7-BD139EC5FEB7}.Debug|x86.ActiveCfg = Debug|Win32
		{3F79B78E-27F9-45A5-A0D7-BD139EC5FEB7}.Debug|x86.Build.0 = Debug|Win32
		{3F79B78E-27F9-45A5-A0D7-BD139EC5FEB7}.Release|x64.ActiveCfg = Release|x64
		{3F79B78E-27F9-45A5-A0D7-BD139EC5FEB7}.Release|x64.Build.0 = Release|x64
		{3F79B78E-27F9-45A5-A0D7-BD139EC5FEB7}.Release|x86.ActiveCfg = Release|Win32
		{3F79B78E-27F9-45A5-A0D7-BD139EC5FEB7}.Release|x86.Build.0 = Release|Win32
		{316754D2-A520-4933-83A1-26F2AE21CE36}.Debug|x64.ActiveCfg = Debug|x64
		{316754D2-A520-4933-83A1-26F2AE21CE36}.Debug|x64.Build.0 = Debug|x64
		{316754D2-A520-4933-83A1-26F2AE21CE36}.Debug|x86.ActiveCfg = Debug|Win32
		{316754D2-A520-4933-83A1-26F2AE21CE36}.Debug|x86.Build.0 = Debug|Win32
		{316754D2-A520-4933-83A1-26F2AE21CE36}.Release|x64.ActiveCfg = Release|x64
		{316754D2-A520-4933-83A1-26F2AE21CE36}.Release|x64.Build.0 = Release|x64
		{316754D2-A520-4933-83A1-26F2AE21CE36}.Release|x86.ActiveCfg = Release|Win32
		{316754D2-A520-4933-83A1-26F2AE21CE36}.Release|x86.Build.0 = Release|Win32
		{A51D56C8-F91D-47EF-8EC6-3B06A40764BC}.Debug|x64.ActiveCfg = Debug|x64
		{A51D56C8-F91D-47EF-8EC6-3B06A40764BC}.Debug|x64.Build.0 = Debug|x64
		{A51D56C8-F91D-47EF-8EC6-3B06A40764BC}.Debug|x86.ActiveCfg = Debug|Win32
		{A51D56C8-F91D-47EF-8EC6-3B06A40764BC}.Debug|x86.Build.0 = Debug|Win32
		{A51D56C8-F91D-47EF-8EC6-3B06A40764BC}.Release|x64.ActiveCfg = Release|x64
		{A51D56C8-F91D-47EF-8EC6-3B06A40764BC}.Release|x64.Build.0 = Release|x64
		{A51D56C8-F91D-47EF-8EC6-3B06A40764BC}.Release|x86.ActiveCfg = Release|Win32
		{A51D56C8-F91D-47EF-8EC6-3B06A40764BC}.Release|x86.Build.0 = Release|Win32
		{CEABD026-D2A3-4E51-9E5F-4240AB67DE6F}.Debug|x64.ActiveCfg = Debug|x64
		{CEABD026-D2A3-4E51-9E5F-4240AB67DE6F}.Debug|x64.Build.0 = Debug|x64
		{CEABD026-D2A3-4E51-9E5F-4240AB67DE6F}.Debug|x86.ActiveCfg = Debug|Win32
		{CEABD026-D2A3-4E51-9E5F-4240AB67DE6F}.Debug|x86.Build.0 = Debug|Win32
		{CEABD026-D2A3-4E51-9E5F-4240AB67DE6F}.Release|x64.ActiveCfg = Release|x64
		{CEABD026-D2A3-4E51-9E5F-4240AB67DE6F}.Release|x64.Build.0 = Release|x64
		{CEABD026-D2A3-4E51-9E5F-4240AB67DE6F}.Release|x86.ActiveCfg = Release|Win32
		{CEABD026-D2A3-4E51-9E5F-4240AB67DE6F}.Release|x86.Build.0 = Release|Win32
		{A8C90F5A-D9AA-4025-AC42-657B4C3F4E8C}.Debug|x64.ActiveCfg = Debug|x64
		{A8C90F5A-D9AA-4025-AC42-657B4C3F4E8C}.Debug|x64.Build.0 = Debug|x64
		{A8C90F5A-D9AA-4025-AC42-657B4C3F4E8C}.Debug|x86.ActiveCfg = Debug|Win32
		{A8C90F5A-D9AA-4025-AC42-657B4C3F4E8C}.Debug|x86.Build.0 = Debug|Win32
		{A8C90F5A-D9AA-4025-AC42-657B4C3F4E8C}.Release|x64.ActiveCfg = Release|x64
		{A8C90F5A-D9AA-4025-AC42-657B4C3F4E8C}.Release|x64.Build.0 = Release|x64
		{A8C90F5A-D9AA-4025-AC42-657B4C3F4E8C}.Release|x86.ActiveCfg = Release|Win32
		{A8C90F5A-D9AA-4025-AC42-657B4C3F4E8C}.Release|x86.Build.0 = Release|Win32
		{D6929329-66CF-408A-8867-6B405A9C465F}.Debug|x64.ActiveCfg = Debug|x64
		{D6929329-66CF-408A-8867-6B405A9C465F}.Debug|x64.Build.0 = Debug|x64
		{D6929329-66CF-408A-8867-6B405A9C465F}.Debug|x86.ActiveCfg = Debug|Win32
		{D6929329-66CF-408A-8867-6B405A9C465F}.Debug|x86.Build.0 = Debug|Win32
		{D6929329-66CF-408A-8867-6B405A9C465F}.Release|x64.ActiveCfg = Release|x64
		{D6929329-66CF-408A-8867-6B405A9C465F}.Release|x64.Build.0 = Release|x64
		{D6929329-66CF-408A-8867-6B405A9C465F}.Release|x86.ActiveCfg = Release|Win32
		{D6929329-66CF-408A-8867-6B405A9C465F}.Release|x86.Build.0 = Release|Win32
		{E757B9B1-DAF5-4A18-AB68-F70169FD4CF3}.Debug|x64.ActiveCfg = Debug|x64
		{E757B9B1-DAF5-4A18-AB68-F70169FD4CF3}.Debug|x64.Build.0 = Debug|x64
		{E757B9B1-DAF5-4A18-AB68-F70169FD4CF3}.Debug|x86.ActiveCfg = Debug|Win32
		{E757B9B1-DAF5-4A18-AB68-F70169FD4CF3}.Debug|x86.Build.0 = Debug|Win32
		{E757B9B1-DAF5-4A18-AB68-F70169FD4CF3}.Release|x64.ActiveCfg = Release|x64
		{E757B9B1-DAF5-4A18-AB68-F70169FD4CF3}.Release|x64.Build.0 = Release|x64
		{E757B9B1-DAF5-4A18-AB68-F70169FD4CF3}.Release|x86.ActiveCfg = Release|Win32
		{E757B9B1-DAF5-4A18-AB68-F70169FD4CF3}.Release|x86.Build.0 = Release|Win32
		{817A0EC1-437F-4D04-BFA4-D1F9B5EA2B1F}.Debug|x64.ActiveCfg = Debug|x64
		{817A0EC1-437F-4D04-BFA4-D1F9B5EA2B1F}.Debug|x64.Build.0 = Debug|x64
		{817A0EC1-437F-4D04-BFA4-D1F9B5EA2B1F}.Debug|x86.ActiveCfg = Debug|Win32
		{817A0EC1-437F-4D04-BFA4-D1F9B5EA2B1F}.Debug|x86.Build.0 = Debug|Win32
		{817A0EC1-437F-4D04-BFA4-D1F9B5EA2B1F}.Release|x64.ActiveCfg = Release|x64
		{817A0EC1-437F-4D04-BFA4-D1F9B5EA2B1F}.Release|x64.Build.0 = Release|x64
		{817A0EC1-437F-4D04-BFA4-D1F9B5EA2B1F}.Release|x86.ActiveCfg = Release|Win32
		{817A0EC1-437F-4D04-BFA4-D1F9B5EA2B1F}.Release|x86.Build.0 = Release|Win32
		{D7B3BA62-442F-4219-9A34-DFEC8DD3B89E}.Debug|x64.ActiveCfg = Debug|x64
		{D7B3BA62-442F-4219-9A34-DFEC8DD3B89E}.Debug|x64.Build.0 = Debug|x64
		{D7B3BA62-442F-4219-9A34-DFEC8DD3B89E}.Debug|x86.ActiveCfg = Debug|Win32
		{D7B3BA62-442F-4219-9A34-DFEC8DD3B89E}.Debug|x86.Build.0 = Debug|Win32
		{D7B3BA62-442F-4219-9A34-DFEC8DD3B89E}.Release|x64.ActiveCfg = Release|x64
		{D7B3BA62-442F-4219-9A34-DFEC8DD3B89E}.Release|x64.Build.0 = Release|x64
		{D7B3BA62-442F-4219-9A34-DFEC8DD3B89E}.Release|x86.ActiveCfg = Release|Win32
		{D7B3BA62-442F-4219-9A34-DFEC8DD3B89E}.Release|x86.Build.0 = Release|Win32
	EndGlobalSection
	GlobalSection(SolutionProperties) = preSolution
		HideSolutionNode = FALSE
	EndGlobalSection
	GlobalSection(ExtensibilityGlobals) = postSolution
		SolutionGuid = {993D6EA8-5050-4241-9344-51F24922E419}
	EndGlobalSection
EndGlobal
