
Microsoft Visual Studio Solution File, Format Version 12.00
# Visual Studio Version 16
VisualStudioVersion = 16.0.30204.135
MinimumVisualStudioVersion = 10.0.40219.1
Project("{8BC9CEB8-8B4A-11D0-8D11-00A0C91BC942}") = "220321", "220331\220331.vcxproj", "{ACEE39AC-CFC1-451C-AB8D-9941E163E57D}"
EndProject
Project("{8BC9CEB8-8B4A-11D0-8D11-00A0C91BC942}") = "220321Assignments_Student", "220321Assignments\220321Assignments.vcxproj", "{5469665C-0DC4-446E-B861-AAE95189EB00}"
EndProject
Project("{8BC9CEB8-8B4A-11D0-8D11-00A0C91BC942}") = "220321Assignments_RPG", "220321Assignments_RPG\220321Assignments_RPG.vcxproj", "{FA48AD3B-A812-47F6-866F-7C2F5CE16BDE}"
EndProject
Project("{8BC9CEB8-8B4A-11D0-8D11-00A0C91BC942}") = "220322", "220322\220322.vcxproj", "{7C07E076-5436-4647-8E4B-5731823A1E20}"
EndProject
Project("{8BC9CEB8-8B4A-11D0-8D11-00A0C91BC942}") = "220323", "220323\220323.vcxproj", "{18663E22-C12C-475B-AF05-872689AD3515}"
EndProject
Project("{8BC9CEB8-8B4A-11D0-8D11-00A0C91BC942}") = "220324", "220324\220324.vcxproj", "{2211482C-96E7-4CC7-B1C6-590DEF40726E}"
EndProject
Project("{8BC9CEB8-8B4A-11D0-8D11-00A0C91BC942}") = "Test", "Test\Test.vcxproj", "{F66AAF29-76DA-43E0-9940-334C134F72EF}"
EndProject
Project("{8BC9CEB8-8B4A-11D0-8D11-00A0C91BC942}") = "220325", "220325\220325.vcxproj", "{03822678-9CD4-4C6B-BDC1-9AFC03576DC1}"
EndProject
Project("{8BC9CEB8-8B4A-11D0-8D11-00A0C91BC942}") = "220325Assignments", "220325Assignments\220325Assignments.vcxproj", "{7A9B8170-7781-4F36-9957-AC28B7B82B8D}"
EndProject
Project("{8BC9CEB8-8B4A-11D0-8D11-00A0C91BC942}") = "220328", "220328\220328.vcxproj", "{C1EE1F73-49E5-4C5B-AFA1-AFD9CD1752CE}"
EndProject
Project("{8BC9CEB8-8B4A-11D0-8D11-00A0C91BC942}") = "220329", "220329\220329.vcxproj", "{56220F16-FFB6-4936-A0B0-2F1288F03E53}"
EndProject
Project("{8BC9CEB8-8B4A-11D0-8D11-00A0C91BC942}") = "220330", "220330\220330.vcxproj", "{E0476E20-36EC-4C2E-B98C-D6F3F4C8B2BA}"
EndProject
Project("{8BC9CEB8-8B4A-11D0-8D11-00A0C91BC942}") = "220330Assignments", "220330Assignments\220330Assignments.vcxproj", "{434E6FD8-4C1F-4024-8905-DA1774A73B47}"
EndProject
Project("{8BC9CEB8-8B4A-11D0-8D11-00A0C91BC942}") = "220332", "220332\220332.vcxproj", "{B1B5A350-7F49-4E53-8A95-E343790347EF}"
EndProject
Project("{8BC9CEB8-8B4A-11D0-8D11-00A0C91BC942}") = "220332Assignments", "220332Assignments\220332Assignments.vcxproj", "{84BEB80F-AC9D-4A13-9D1F-01083815ECEA}"
EndProject
Project("{8BC9CEB8-8B4A-11D0-8D11-00A0C91BC942}") = "220401", "220401\220401.vcxproj", "{25F8341C-04AE-4814-AE34-B4917FBF4D22}"
EndProject
Project("{8BC9CEB8-8B4A-11D0-8D11-00A0C91BC942}") = "220401Assignments", "220401Assignments\220401Assignments.vcxproj", "{B2C2C2E9-F4A3-46C8-A2F2-EA2C289DC582}"
EndProject
Project("{8BC9CEB8-8B4A-11D0-8D11-00A0C91BC942}") = "220404", "220404\220404.vcxproj", "{9A88A810-9836-4745-BDF7-EFDD48536B46}"
EndProject
Project("{8BC9CEB8-8B4A-11D0-8D11-00A0C91BC942}") = "220405", "220405\220405.vcxproj", "{A255833B-057A-4DC0-94C1-F8DED13145B3}"
EndProject
Project("{8BC9CEB8-8B4A-11D0-8D11-00A0C91BC942}") = "220405Assignments", "220405Assignments\220405Assignments.vcxproj", "{D0AE9069-119D-41A1-AF14-515B216F9A49}"
EndProject
Project("{8BC9CEB8-8B4A-11D0-8D11-00A0C91BC942}") = "220406", "220406\220406.vcxproj", "{045129D2-EBD8-4BC8-8F44-7A2193829E1B}"
EndProject
Project("{8BC9CEB8-8B4A-11D0-8D11-00A0C91BC942}") = "220406Assignments", "220406Assignments\220406Assignments.vcxproj", "{4B95E3A4-D831-4DF1-8BB4-4B070CB1EBB2}"
EndProject
Global
	GlobalSection(SolutionConfigurationPlatforms) = preSolution
		Debug|x64 = Debug|x64
		Debug|x86 = Debug|x86
		Release|x64 = Release|x64
		Release|x86 = Release|x86
	EndGlobalSection
	GlobalSection(ProjectConfigurationPlatforms) = postSolution
		{ACEE39AC-CFC1-451C-AB8D-9941E163E57D}.Debug|x64.ActiveCfg = Debug|x64
		{ACEE39AC-CFC1-451C-AB8D-9941E163E57D}.Debug|x64.Build.0 = Debug|x64
		{ACEE39AC-CFC1-451C-AB8D-9941E163E57D}.Debug|x86.ActiveCfg = Debug|Win32
		{ACEE39AC-CFC1-451C-AB8D-9941E163E57D}.Debug|x86.Build.0 = Debug|Win32
		{ACEE39AC-CFC1-451C-AB8D-9941E163E57D}.Release|x64.ActiveCfg = Release|x64
		{ACEE39AC-CFC1-451C-AB8D-9941E163E57D}.Release|x64.Build.0 = Release|x64
		{ACEE39AC-CFC1-451C-AB8D-9941E163E57D}.Release|x86.ActiveCfg = Release|Win32
		{ACEE39AC-CFC1-451C-AB8D-9941E163E57D}.Release|x86.Build.0 = Release|Win32
		{5469665C-0DC4-446E-B861-AAE95189EB00}.Debug|x64.ActiveCfg = Debug|x64
		{5469665C-0DC4-446E-B861-AAE95189EB00}.Debug|x64.Build.0 = Debug|x64
		{5469665C-0DC4-446E-B861-AAE95189EB00}.Debug|x86.ActiveCfg = Debug|Win32
		{5469665C-0DC4-446E-B861-AAE95189EB00}.Debug|x86.Build.0 = Debug|Win32
		{5469665C-0DC4-446E-B861-AAE95189EB00}.Release|x64.ActiveCfg = Release|x64
		{5469665C-0DC4-446E-B861-AAE95189EB00}.Release|x64.Build.0 = Release|x64
		{5469665C-0DC4-446E-B861-AAE95189EB00}.Release|x86.ActiveCfg = Release|Win32
		{5469665C-0DC4-446E-B861-AAE95189EB00}.Release|x86.Build.0 = Release|Win32
		{FA48AD3B-A812-47F6-866F-7C2F5CE16BDE}.Debug|x64.ActiveCfg = Debug|x64
		{FA48AD3B-A812-47F6-866F-7C2F5CE16BDE}.Debug|x64.Build.0 = Debug|x64
		{FA48AD3B-A812-47F6-866F-7C2F5CE16BDE}.Debug|x86.ActiveCfg = Debug|Win32
		{FA48AD3B-A812-47F6-866F-7C2F5CE16BDE}.Debug|x86.Build.0 = Debug|Win32
		{FA48AD3B-A812-47F6-866F-7C2F5CE16BDE}.Release|x64.ActiveCfg = Release|x64
		{FA48AD3B-A812-47F6-866F-7C2F5CE16BDE}.Release|x64.Build.0 = Release|x64
		{FA48AD3B-A812-47F6-866F-7C2F5CE16BDE}.Release|x86.ActiveCfg = Release|Win32
		{FA48AD3B-A812-47F6-866F-7C2F5CE16BDE}.Release|x86.Build.0 = Release|Win32
		{7C07E076-5436-4647-8E4B-5731823A1E20}.Debug|x64.ActiveCfg = Debug|x64
		{7C07E076-5436-4647-8E4B-5731823A1E20}.Debug|x64.Build.0 = Debug|x64
		{7C07E076-5436-4647-8E4B-5731823A1E20}.Debug|x86.ActiveCfg = Debug|Win32
		{7C07E076-5436-4647-8E4B-5731823A1E20}.Debug|x86.Build.0 = Debug|Win32
		{7C07E076-5436-4647-8E4B-5731823A1E20}.Release|x64.ActiveCfg = Release|x64
		{7C07E076-5436-4647-8E4B-5731823A1E20}.Release|x64.Build.0 = Release|x64
		{7C07E076-5436-4647-8E4B-5731823A1E20}.Release|x86.ActiveCfg = Release|Win32
		{7C07E076-5436-4647-8E4B-5731823A1E20}.Release|x86.Build.0 = Release|Win32
		{18663E22-C12C-475B-AF05-872689AD3515}.Debug|x64.ActiveCfg = Debug|x64
		{18663E22-C12C-475B-AF05-872689AD3515}.Debug|x64.Build.0 = Debug|x64
		{18663E22-C12C-475B-AF05-872689AD3515}.Debug|x86.ActiveCfg = Debug|Win32
		{18663E22-C12C-475B-AF05-872689AD3515}.Debug|x86.Build.0 = Debug|Win32
		{18663E22-C12C-475B-AF05-872689AD3515}.Release|x64.ActiveCfg = Release|x64
		{18663E22-C12C-475B-AF05-872689AD3515}.Release|x64.Build.0 = Release|x64
		{18663E22-C12C-475B-AF05-872689AD3515}.Release|x86.ActiveCfg = Release|Win32
		{18663E22-C12C-475B-AF05-872689AD3515}.Release|x86.Build.0 = Release|Win32
		{2211482C-96E7-4CC7-B1C6-590DEF40726E}.Debug|x64.ActiveCfg = Debug|x64
		{2211482C-96E7-4CC7-B1C6-590DEF40726E}.Debug|x64.Build.0 = Debug|x64
		{2211482C-96E7-4CC7-B1C6-590DEF40726E}.Debug|x86.ActiveCfg = Debug|Win32
		{2211482C-96E7-4CC7-B1C6-590DEF40726E}.Debug|x86.Build.0 = Debug|Win32
		{2211482C-96E7-4CC7-B1C6-590DEF40726E}.Release|x64.ActiveCfg = Release|x64
		{2211482C-96E7-4CC7-B1C6-590DEF40726E}.Release|x64.Build.0 = Release|x64
		{2211482C-96E7-4CC7-B1C6-590DEF40726E}.Release|x86.ActiveCfg = Release|Win32
		{2211482C-96E7-4CC7-B1C6-590DEF40726E}.Release|x86.Build.0 = Release|Win32
		{F66AAF29-76DA-43E0-9940-334C134F72EF}.Debug|x64.ActiveCfg = Debug|x64
		{F66AAF29-76DA-43E0-9940-334C134F72EF}.Debug|x64.Build.0 = Debug|x64
		{F66AAF29-76DA-43E0-9940-334C134F72EF}.Debug|x86.ActiveCfg = Debug|Win32
		{F66AAF29-76DA-43E0-9940-334C134F72EF}.Debug|x86.Build.0 = Debug|Win32
		{F66AAF29-76DA-43E0-9940-334C134F72EF}.Release|x64.ActiveCfg = Release|x64
		{F66AAF29-76DA-43E0-9940-334C134F72EF}.Release|x64.Build.0 = Release|x64
		{F66AAF29-76DA-43E0-9940-334C134F72EF}.Release|x86.ActiveCfg = Release|Win32
		{F66AAF29-76DA-43E0-9940-334C134F72EF}.Release|x86.Build.0 = Release|Win32
		{03822678-9CD4-4C6B-BDC1-9AFC03576DC1}.Debug|x64.ActiveCfg = Debug|x64
		{03822678-9CD4-4C6B-BDC1-9AFC03576DC1}.Debug|x64.Build.0 = Debug|x64
		{03822678-9CD4-4C6B-BDC1-9AFC03576DC1}.Debug|x86.ActiveCfg = Debug|Win32
		{03822678-9CD4-4C6B-BDC1-9AFC03576DC1}.Debug|x86.Build.0 = Debug|Win32
		{03822678-9CD4-4C6B-BDC1-9AFC03576DC1}.Release|x64.ActiveCfg = Release|x64
		{03822678-9CD4-4C6B-BDC1-9AFC03576DC1}.Release|x64.Build.0 = Release|x64
		{03822678-9CD4-4C6B-BDC1-9AFC03576DC1}.Release|x86.ActiveCfg = Release|Win32
		{03822678-9CD4-4C6B-BDC1-9AFC03576DC1}.Release|x86.Build.0 = Release|Win32
		{7A9B8170-7781-4F36-9957-AC28B7B82B8D}.Debug|x64.ActiveCfg = Debug|x64
		{7A9B8170-7781-4F36-9957-AC28B7B82B8D}.Debug|x64.Build.0 = Debug|x64
		{7A9B8170-7781-4F36-9957-AC28B7B82B8D}.Debug|x86.ActiveCfg = Debug|Win32
		{7A9B8170-7781-4F36-9957-AC28B7B82B8D}.Debug|x86.Build.0 = Debug|Win32
		{7A9B8170-7781-4F36-9957-AC28B7B82B8D}.Release|x64.ActiveCfg = Release|x64
		{7A9B8170-7781-4F36-9957-AC28B7B82B8D}.Release|x64.Build.0 = Release|x64
		{7A9B8170-7781-4F36-9957-AC28B7B82B8D}.Release|x86.ActiveCfg = Release|Win32
		{7A9B8170-7781-4F36-9957-AC28B7B82B8D}.Release|x86.Build.0 = Release|Win32
		{C1EE1F73-49E5-4C5B-AFA1-AFD9CD1752CE}.Debug|x64.ActiveCfg = Debug|x64
		{C1EE1F73-49E5-4C5B-AFA1-AFD9CD1752CE}.Debug|x64.Build.0 = Debug|x64
		{C1EE1F73-49E5-4C5B-AFA1-AFD9CD1752CE}.Debug|x86.ActiveCfg = Debug|Win32
		{C1EE1F73-49E5-4C5B-AFA1-AFD9CD1752CE}.Debug|x86.Build.0 = Debug|Win32
		{C1EE1F73-49E5-4C5B-AFA1-AFD9CD1752CE}.Release|x64.ActiveCfg = Release|x64
		{C1EE1F73-49E5-4C5B-AFA1-AFD9CD1752CE}.Release|x64.Build.0 = Release|x64
		{C1EE1F73-49E5-4C5B-AFA1-AFD9CD1752CE}.Release|x86.ActiveCfg = Release|Win32
		{C1EE1F73-49E5-4C5B-AFA1-AFD9CD1752CE}.Release|x86.Build.0 = Release|Win32
		{56220F16-FFB6-4936-A0B0-2F1288F03E53}.Debug|x64.ActiveCfg = Debug|x64
		{56220F16-FFB6-4936-A0B0-2F1288F03E53}.Debug|x64.Build.0 = Debug|x64
		{56220F16-FFB6-4936-A0B0-2F1288F03E53}.Debug|x86.ActiveCfg = Debug|Win32
		{56220F16-FFB6-4936-A0B0-2F1288F03E53}.Debug|x86.Build.0 = Debug|Win32
		{56220F16-FFB6-4936-A0B0-2F1288F03E53}.Release|x64.ActiveCfg = Release|x64
		{56220F16-FFB6-4936-A0B0-2F1288F03E53}.Release|x64.Build.0 = Release|x64
		{56220F16-FFB6-4936-A0B0-2F1288F03E53}.Release|x86.ActiveCfg = Release|Win32
		{56220F16-FFB6-4936-A0B0-2F1288F03E53}.Release|x86.Build.0 = Release|Win32
		{E0476E20-36EC-4C2E-B98C-D6F3F4C8B2BA}.Debug|x64.ActiveCfg = Debug|x64
		{E0476E20-36EC-4C2E-B98C-D6F3F4C8B2BA}.Debug|x64.Build.0 = Debug|x64
		{E0476E20-36EC-4C2E-B98C-D6F3F4C8B2BA}.Debug|x86.ActiveCfg = Debug|Win32
		{E0476E20-36EC-4C2E-B98C-D6F3F4C8B2BA}.Debug|x86.Build.0 = Debug|Win32
		{E0476E20-36EC-4C2E-B98C-D6F3F4C8B2BA}.Release|x64.ActiveCfg = Release|x64
		{E0476E20-36EC-4C2E-B98C-D6F3F4C8B2BA}.Release|x64.Build.0 = Release|x64
		{E0476E20-36EC-4C2E-B98C-D6F3F4C8B2BA}.Release|x86.ActiveCfg = Release|Win32
		{E0476E20-36EC-4C2E-B98C-D6F3F4C8B2BA}.Release|x86.Build.0 = Release|Win32
		{434E6FD8-4C1F-4024-8905-DA1774A73B47}.Debug|x64.ActiveCfg = Debug|x64
		{434E6FD8-4C1F-4024-8905-DA1774A73B47}.Debug|x64.Build.0 = Debug|x64
		{434E6FD8-4C1F-4024-8905-DA1774A73B47}.Debug|x86.ActiveCfg = Debug|Win32
		{434E6FD8-4C1F-4024-8905-DA1774A73B47}.Debug|x86.Build.0 = Debug|Win32
		{434E6FD8-4C1F-4024-8905-DA1774A73B47}.Release|x64.ActiveCfg = Release|x64
		{434E6FD8-4C1F-4024-8905-DA1774A73B47}.Release|x64.Build.0 = Release|x64
		{434E6FD8-4C1F-4024-8905-DA1774A73B47}.Release|x86.ActiveCfg = Release|Win32
		{434E6FD8-4C1F-4024-8905-DA1774A73B47}.Release|x86.Build.0 = Release|Win32
		{B1B5A350-7F49-4E53-8A95-E343790347EF}.Debug|x64.ActiveCfg = Debug|x64
		{B1B5A350-7F49-4E53-8A95-E343790347EF}.Debug|x64.Build.0 = Debug|x64
		{B1B5A350-7F49-4E53-8A95-E343790347EF}.Debug|x86.ActiveCfg = Debug|Win32
		{B1B5A350-7F49-4E53-8A95-E343790347EF}.Debug|x86.Build.0 = Debug|Win32
		{B1B5A350-7F49-4E53-8A95-E343790347EF}.Release|x64.ActiveCfg = Release|x64
		{B1B5A350-7F49-4E53-8A95-E343790347EF}.Release|x64.Build.0 = Release|x64
		{B1B5A350-7F49-4E53-8A95-E343790347EF}.Release|x86.ActiveCfg = Release|Win32
		{B1B5A350-7F49-4E53-8A95-E343790347EF}.Release|x86.Build.0 = Release|Win32
		{84BEB80F-AC9D-4A13-9D1F-01083815ECEA}.Debug|x64.ActiveCfg = Debug|x64
		{84BEB80F-AC9D-4A13-9D1F-01083815ECEA}.Debug|x64.Build.0 = Debug|x64
		{84BEB80F-AC9D-4A13-9D1F-01083815ECEA}.Debug|x86.ActiveCfg = Debug|Win32
		{84BEB80F-AC9D-4A13-9D1F-01083815ECEA}.Debug|x86.Build.0 = Debug|Win32
		{84BEB80F-AC9D-4A13-9D1F-01083815ECEA}.Release|x64.ActiveCfg = Release|x64
		{84BEB80F-AC9D-4A13-9D1F-01083815ECEA}.Release|x64.Build.0 = Release|x64
		{84BEB80F-AC9D-4A13-9D1F-01083815ECEA}.Release|x86.ActiveCfg = Release|Win32
		{84BEB80F-AC9D-4A13-9D1F-01083815ECEA}.Release|x86.Build.0 = Release|Win32
		{25F8341C-04AE-4814-AE34-B4917FBF4D22}.Debug|x64.ActiveCfg = Debug|x64
		{25F8341C-04AE-4814-AE34-B4917FBF4D22}.Debug|x64.Build.0 = Debug|x64
		{25F8341C-04AE-4814-AE34-B4917FBF4D22}.Debug|x86.ActiveCfg = Debug|Win32
		{25F8341C-04AE-4814-AE34-B4917FBF4D22}.Debug|x86.Build.0 = Debug|Win32
		{25F8341C-04AE-4814-AE34-B4917FBF4D22}.Release|x64.ActiveCfg = Release|x64
		{25F8341C-04AE-4814-AE34-B4917FBF4D22}.Release|x64.Build.0 = Release|x64
		{25F8341C-04AE-4814-AE34-B4917FBF4D22}.Release|x86.ActiveCfg = Release|Win32
		{25F8341C-04AE-4814-AE34-B4917FBF4D22}.Release|x86.Build.0 = Release|Win32
		{B2C2C2E9-F4A3-46C8-A2F2-EA2C289DC582}.Debug|x64.ActiveCfg = Debug|x64
		{B2C2C2E9-F4A3-46C8-A2F2-EA2C289DC582}.Debug|x64.Build.0 = Debug|x64
		{B2C2C2E9-F4A3-46C8-A2F2-EA2C289DC582}.Debug|x86.ActiveCfg = Debug|Win32
		{B2C2C2E9-F4A3-46C8-A2F2-EA2C289DC582}.Debug|x86.Build.0 = Debug|Win32
		{B2C2C2E9-F4A3-46C8-A2F2-EA2C289DC582}.Release|x64.ActiveCfg = Release|x64
		{B2C2C2E9-F4A3-46C8-A2F2-EA2C289DC582}.Release|x64.Build.0 = Release|x64
		{B2C2C2E9-F4A3-46C8-A2F2-EA2C289DC582}.Release|x86.ActiveCfg = Release|Win32
		{B2C2C2E9-F4A3-46C8-A2F2-EA2C289DC582}.Release|x86.Build.0 = Release|Win32
		{9A88A810-9836-4745-BDF7-EFDD48536B46}.Debug|x64.ActiveCfg = Debug|x64
		{9A88A810-9836-4745-BDF7-EFDD48536B46}.Debug|x64.Build.0 = Debug|x64
		{9A88A810-9836-4745-BDF7-EFDD48536B46}.Debug|x86.ActiveCfg = Debug|Win32
		{9A88A810-9836-4745-BDF7-EFDD48536B46}.Debug|x86.Build.0 = Debug|Win32
		{9A88A810-9836-4745-BDF7-EFDD48536B46}.Release|x64.ActiveCfg = Release|x64
		{9A88A810-9836-4745-BDF7-EFDD48536B46}.Release|x64.Build.0 = Release|x64
		{9A88A810-9836-4745-BDF7-EFDD48536B46}.Release|x86.ActiveCfg = Release|Win32
		{9A88A810-9836-4745-BDF7-EFDD48536B46}.Release|x86.Build.0 = Release|Win32
		{A255833B-057A-4DC0-94C1-F8DED13145B3}.Debug|x64.ActiveCfg = Debug|x64
		{A255833B-057A-4DC0-94C1-F8DED13145B3}.Debug|x64.Build.0 = Debug|x64
		{A255833B-057A-4DC0-94C1-F8DED13145B3}.Debug|x86.ActiveCfg = Debug|Win32
		{A255833B-057A-4DC0-94C1-F8DED13145B3}.Debug|x86.Build.0 = Debug|Win32
		{A255833B-057A-4DC0-94C1-F8DED13145B3}.Release|x64.ActiveCfg = Release|x64
		{A255833B-057A-4DC0-94C1-F8DED13145B3}.Release|x64.Build.0 = Release|x64
		{A255833B-057A-4DC0-94C1-F8DED13145B3}.Release|x86.ActiveCfg = Release|Win32
		{A255833B-057A-4DC0-94C1-F8DED13145B3}.Release|x86.Build.0 = Release|Win32
		{D0AE9069-119D-41A1-AF14-515B216F9A49}.Debug|x64.ActiveCfg = Debug|x64
		{D0AE9069-119D-41A1-AF14-515B216F9A49}.Debug|x64.Build.0 = Debug|x64
		{D0AE9069-119D-41A1-AF14-515B216F9A49}.Debug|x86.ActiveCfg = Debug|Win32
		{D0AE9069-119D-41A1-AF14-515B216F9A49}.Debug|x86.Build.0 = Debug|Win32
		{D0AE9069-119D-41A1-AF14-515B216F9A49}.Release|x64.ActiveCfg = Release|x64
		{D0AE9069-119D-41A1-AF14-515B216F9A49}.Release|x64.Build.0 = Release|x64
		{D0AE9069-119D-41A1-AF14-515B216F9A49}.Release|x86.ActiveCfg = Release|Win32
		{D0AE9069-119D-41A1-AF14-515B216F9A49}.Release|x86.Build.0 = Release|Win32
		{045129D2-EBD8-4BC8-8F44-7A2193829E1B}.Debug|x64.ActiveCfg = Debug|x64
		{045129D2-EBD8-4BC8-8F44-7A2193829E1B}.Debug|x64.Build.0 = Debug|x64
		{045129D2-EBD8-4BC8-8F44-7A2193829E1B}.Debug|x86.ActiveCfg = Debug|Win32
		{045129D2-EBD8-4BC8-8F44-7A2193829E1B}.Debug|x86.Build.0 = Debug|Win32
		{045129D2-EBD8-4BC8-8F44-7A2193829E1B}.Release|x64.ActiveCfg = Release|x64
		{045129D2-EBD8-4BC8-8F44-7A2193829E1B}.Release|x64.Build.0 = Release|x64
		{045129D2-EBD8-4BC8-8F44-7A2193829E1B}.Release|x86.ActiveCfg = Release|Win32
		{045129D2-EBD8-4BC8-8F44-7A2193829E1B}.Release|x86.Build.0 = Release|Win32
		{4B95E3A4-D831-4DF1-8BB4-4B070CB1EBB2}.Debug|x64.ActiveCfg = Debug|x64
		{4B95E3A4-D831-4DF1-8BB4-4B070CB1EBB2}.Debug|x64.Build.0 = Debug|x64
		{4B95E3A4-D831-4DF1-8BB4-4B070CB1EBB2}.Debug|x86.ActiveCfg = Debug|Win32
		{4B95E3A4-D831-4DF1-8BB4-4B070CB1EBB2}.Debug|x86.Build.0 = Debug|Win32
		{4B95E3A4-D831-4DF1-8BB4-4B070CB1EBB2}.Release|x64.ActiveCfg = Release|x64
		{4B95E3A4-D831-4DF1-8BB4-4B070CB1EBB2}.Release|x64.Build.0 = Release|x64
		{4B95E3A4-D831-4DF1-8BB4-4B070CB1EBB2}.Release|x86.ActiveCfg = Release|Win32
		{4B95E3A4-D831-4DF1-8BB4-4B070CB1EBB2}.Release|x86.Build.0 = Release|Win32
	EndGlobalSection
	GlobalSection(SolutionProperties) = preSolution
		HideSolutionNode = FALSE
	EndGlobalSection
	GlobalSection(ExtensibilityGlobals) = postSolution
		SolutionGuid = {A40700EE-1581-442C-9904-757465DA078A}
	EndGlobalSection
EndGlobal
