<?xml version="1.0" encoding="utf-8"?>
<Project ToolsVersion="4.0" xmlns="http://schemas.microsoft.com/developer/msbuild/2003">
  <ItemGroup>
    <Filter Include="소스 파일">
      <UniqueIdentifier>{4FC737F1-C7A5-4376-A066-2A32D752A2FF}</UniqueIdentifier>
      <Extensions>cpp;c;cc;cxx;c++;def;odl;idl;hpj;bat;asm;asmx</Extensions>
    </Filter>
    <Filter Include="헤더 파일">
      <UniqueIdentifier>{93995380-89BD-4b04-88EB-625FBE52EBFB}</UniqueIdentifier>
      <Extensions>h;hh;hpp;hxx;h++;hm;inl;inc;ipp;xsd</Extensions>
    </Filter>
    <Filter Include="리소스 파일">
      <UniqueIdentifier>{67DA6AB6-F800-4c08-8B7A-83BB121AAD01}</UniqueIdentifier>
      <Extensions>rc;ico;cur;bmp;dlg;rc2;rct;bin;rgs;gif;jpg;jpeg;jpe;resx;tiff;tif;png;wav;mfcribbon-ms</Extensions>
    </Filter>
    <Filter Include="Inven">
      <UniqueIdentifier>{38791e99-5752-4101-8552-b67e16480b78}</UniqueIdentifier>
    </Filter>
    <Filter Include="Manager">
      <UniqueIdentifier>{f347ed4c-5231-4d00-b0a7-6d0ac9dc8b5d}</UniqueIdentifier>
    </Filter>
    <Filter Include="Object">
      <UniqueIdentifier>{c2bb4dde-f7ec-4330-ade1-0444a65083b2}</UniqueIdentifier>
    </Filter>
    <Filter Include="Scene">
      <UniqueIdentifier>{f4eb1365-25bc-4d6d-ae18-9e42827a3ae9}</UniqueIdentifier>
    </Filter>
  </ItemGroup>
  <ItemGroup>
    <ClCompile Include="220406Assignments.cpp">
      <Filter>소스 파일</Filter>
    </ClCompile>
    <ClCompile Include="pch.cpp">
      <Filter>소스 파일</Filter>
    </ClCompile>
    <ClCompile Include="CInventory.cpp">
      <Filter>Inven</Filter>
    </ClCompile>
    <ClCompile Include="CItem.cpp">
      <Filter>Inven</Filter>
    </ClCompile>
    <ClCompile Include="CGameManager.cpp">
      <Filter>Manager</Filter>
    </ClCompile>
    <ClCompile Include="CObject.cpp">
      <Filter>Object</Filter>
    </ClCompile>
    <ClCompile Include="CPlayer.cpp">
      <Filter>Object</Filter>
    </ClCompile>
    <ClCompile Include="CMonster.cpp">
      <Filter>Object</Filter>
    </ClCompile>
    <ClCompile Include="CTown.cpp">
      <Filter>Scene</Filter>
    </ClCompile>
    <ClCompile Include="CShop.cpp">
      <Filter>Scene</Filter>
    </ClCompile>
    <ClCompile Include="CHunt.cpp">
      <Filter>Scene</Filter>
    </ClCompile>
    <ClCompile Include="CSceneManager.cpp">
      <Filter>Manager</Filter>
    </ClCompile>
    <ClCompile Include="CScene.cpp">
      <Filter>Scene</Filter>
    </ClCompile>
  </ItemGroup>
  <ItemGroup>
    <ClInclude Include="pch.h">
      <Filter>헤더 파일</Filter>
    </ClInclude>
    <ClInclude Include="Define.h">
      <Filter>헤더 파일</Filter>
    </ClInclude>
    <ClInclude Include="CInventory.h">
      <Filter>Inven</Filter>
    </ClInclude>
    <ClInclude Include="CItem.h">
      <Filter>Inven</Filter>
    </ClInclude>
    <ClInclude Include="CGameManager.h">
      <Filter>Manager</Filter>
    </ClInclude>
    <ClInclude Include="CObject.h">
      <Filter>Object</Filter>
    </ClInclude>
    <ClInclude Include="CPlayer.h">
      <Filter>Object</Filter>
    </ClInclude>
    <ClInclude Include="CMonster.h">
      <Filter>Object</Filter>
    </ClInclude>
    <ClInclude Include="CTown.h">
      <Filter>Scene</Filter>
    </ClInclude>
    <ClInclude Include="CShop.h">
      <Filter>Scene</Filter>
    </ClInclude>
    <ClInclude Include="CHunt.h">
      <Filter>Scene</Filter>
    </ClInclude>
    <ClInclude Include="CSceneManager.h">
      <Filter>Manager</Filter>
    </ClInclude>
    <ClInclude Include="CScene.h">
      <Filter>Scene</Filter>
    </ClInclude>
  </ItemGroup>
</Project>